
Microsoft Visual Studio Solution File, Format Version 12.00
# Visual Studio Version 16
VisualStudioVersion = 16.0.29728.190
MinimumVisualStudioVersion = 10.0.40219.1
Project("{FAE04EC0-301F-11D3-BF4B-00C04F79EFBC}") = "RPG", "RPG\RPG.csproj", "{3525046F-F7A7-4474-ACDA-CBB360403FEB}"
EndProject
Global
	GlobalSection(SolutionConfigurationPlatforms) = preSolution
		Debug|Any CPU = Debug|Any CPU
		Release|Any CPU = Release|Any CPU
	EndGlobalSection
	GlobalSection(ProjectConfigurationPlatforms) = postSolution
		{3525046F-F7A7-4474-ACDA-CBB360403FEB}.Debug|Any CPU.ActiveCfg = Debug|Any CPU
		{3525046F-F7A7-4474-ACDA-CBB360403FEB}.Debug|Any CPU.Build.0 = Debug|Any CPU
		{3525046F-F7A7-4474-ACDA-CBB360403FEB}.Release|Any CPU.ActiveCfg = Release|Any CPU
		{3525046F-F7A7-4474-ACDA-CBB360403FEB}.Release|Any CPU.Build.0 = Release|Any CPU
	EndGlobalSection
	GlobalSection(SolutionProperties) = preSolution
		HideSolutionNode = FALSE
	EndGlobalSection
	GlobalSection(ExtensibilityGlobals) = postSolution
		SolutionGuid = {DE1E4B76-59C4-41A2-B857-A483AB27B669}
	EndGlobalSection
EndGlobal
